// !$*UTF8*$!
{
	archiveVersion = 1;
	classes = {
	};
	objectVersion = 50;
	objects = {

/* Begin PBXBuildFile section */
		C24FE3B227C0E84D00D708B2 /* WalletApp.xcdatamodeld in Sources */ = {isa = PBXBuildFile; fileRef = C24FE3B027C0E84D00D708B2 /* WalletApp.xcdatamodeld */; };
		C2BE425327B5381100A7EECF /* WalletApp.swift in Sources */ = {isa = PBXBuildFile; fileRef = C2BE425227B5381100A7EECF /* WalletApp.swift */; };
		C2BE425527B5381100A7EECF /* ContentView.swift in Sources */ = {isa = PBXBuildFile; fileRef = C2BE425427B5381100A7EECF /* ContentView.swift */; };
		C2BE425727B5381400A7EECF /* Assets.xcassets in Resources */ = {isa = PBXBuildFile; fileRef = C2BE425627B5381400A7EECF /* Assets.xcassets */; };
		C2BE425A27B5381400A7EECF /* Preview Assets.xcassets in Resources */ = {isa = PBXBuildFile; fileRef = C2BE425927B5381400A7EECF /* Preview Assets.xcassets */; };
		C2BE425C27B5381400A7EECF /* Persistence.swift in Sources */ = {isa = PBXBuildFile; fileRef = C2BE425B27B5381400A7EECF /* Persistence.swift */; };
		C2BE426A27B5381400A7EECF /* MVVMFrameworkTests.swift in Sources */ = {isa = PBXBuildFile; fileRef = C2BE426927B5381400A7EECF /* MVVMFrameworkTests.swift */; };
		C2BE427527B5381400A7EECF /* MVVMFrameworkUITests.swift in Sources */ = {isa = PBXBuildFile; fileRef = C2BE427427B5381400A7EECF /* MVVMFrameworkUITests.swift */; };
		C2BE428A27B5396500A7EECF /* LaunchScreen.storyboard in Resources */ = {isa = PBXBuildFile; fileRef = C2BE428927B5396500A7EECF /* LaunchScreen.storyboard */; };
		C2BE429727B53AF100A7EECF /* AppDelegate.swift in Sources */ = {isa = PBXBuildFile; fileRef = C2BE429627B53AF100A7EECF /* AppDelegate.swift */; };
		C2BE429927B53BE600A7EECF /* UseCaseResult.swift in Sources */ = {isa = PBXBuildFile; fileRef = C2BE429827B53BE600A7EECF /* UseCaseResult.swift */; };
		C2BE429B27B53C2E00A7EECF /* BaseUseCase.swift in Sources */ = {isa = PBXBuildFile; fileRef = C2BE429A27B53C2E00A7EECF /* BaseUseCase.swift */; };
		C2BE429D27B53D5D00A7EECF /* DemoUseCase.swift in Sources */ = {isa = PBXBuildFile; fileRef = C2BE429C27B53D5D00A7EECF /* DemoUseCase.swift */; };
		C2BE429F27B5400200A7EECF /* DemoDomain.swift in Sources */ = {isa = PBXBuildFile; fileRef = C2BE429E27B5400200A7EECF /* DemoDomain.swift */; };
		C2DFE51E27C51468009497F6 /* WaveView.swift in Sources */ = {isa = PBXBuildFile; fileRef = C2DFE51D27C51468009497F6 /* WaveView.swift */; };
		C2DFE52027C517D4009497F6 /* NavigationBar.swift in Sources */ = {isa = PBXBuildFile; fileRef = C2DFE51F27C517D4009497F6 /* NavigationBar.swift */; };
		C2DFE52227C5196B009497F6 /* CustomSegmentedControl.swift in Sources */ = {isa = PBXBuildFile; fileRef = C2DFE52127C5196B009497F6 /* CustomSegmentedControl.swift */; };
		C2DFE52427C51A4A009497F6 /* BalanceView.swift in Sources */ = {isa = PBXBuildFile; fileRef = C2DFE52327C51A4A009497F6 /* BalanceView.swift */; };
		C2DFE52627C51ADA009497F6 /* CardView.swift in Sources */ = {isa = PBXBuildFile; fileRef = C2DFE52527C51ADA009497F6 /* CardView.swift */; };
		C2DFE52827C51BA0009497F6 /* TransactionOptionView.swift in Sources */ = {isa = PBXBuildFile; fileRef = C2DFE52727C51BA0009497F6 /* TransactionOptionView.swift */; };
		C2DFE52A27C51D0E009497F6 /* Colors.xcassets in Resources */ = {isa = PBXBuildFile; fileRef = C2DFE52927C51D0E009497F6 /* Colors.xcassets */; };
		C2DFE52C27C51DA5009497F6 /* ColorsUI.swift in Sources */ = {isa = PBXBuildFile; fileRef = C2DFE52B27C51DA5009497F6 /* ColorsUI.swift */; };
		C2DFE52E27C532AC009497F6 /* MockMedia.xcassets in Resources */ = {isa = PBXBuildFile; fileRef = C2DFE52D27C532AC009497F6 /* MockMedia.xcassets */; };
		C2DFE53027C541C5009497F6 /* OptionsListView.swift in Sources */ = {isa = PBXBuildFile; fileRef = C2DFE52F27C541C5009497F6 /* OptionsListView.swift */; };
		C2DFE53227C58FF4009497F6 /* TabBar.swift in Sources */ = {isa = PBXBuildFile; fileRef = C2DFE53127C58FF4009497F6 /* TabBar.swift */; };
		C2DFE53427C5969B009497F6 /* BadgeBackground.swift in Sources */ = {isa = PBXBuildFile; fileRef = C2DFE53327C5969B009497F6 /* BadgeBackground.swift */; };
		C2DFE53627C6BEF1009497F6 /* MyCardPageView.swift in Sources */ = {isa = PBXBuildFile; fileRef = C2DFE53527C6BEF0009497F6 /* MyCardPageView.swift */; };
		C2DFE53827C6C053009497F6 /* MyCoinsPageView.swift in Sources */ = {isa = PBXBuildFile; fileRef = C2DFE53727C6C053009497F6 /* MyCoinsPageView.swift */; };
		C2DFE53A27C6C5FC009497F6 /* CoinTodayView.swift in Sources */ = {isa = PBXBuildFile; fileRef = C2DFE53927C6C5FC009497F6 /* CoinTodayView.swift */; };
		C2DFE53C27C6CA1A009497F6 /* CoinsTodayView.swift in Sources */ = {isa = PBXBuildFile; fileRef = C2DFE53B27C6CA1A009497F6 /* CoinsTodayView.swift */; };
		C2DFE53E27C6CD42009497F6 /* PieView.swift in Sources */ = {isa = PBXBuildFile; fileRef = C2DFE53D27C6CD42009497F6 /* PieView.swift */; };
		C2FF280027C4E12E00AB8280 /* MainView.swift in Sources */ = {isa = PBXBuildFile; fileRef = C2FF27FF27C4E12E00AB8280 /* MainView.swift */; };
/* End PBXBuildFile section */

/* Begin PBXContainerItemProxy section */
		C2BE426627B5381400A7EECF /* PBXContainerItemProxy */ = {
			isa = PBXContainerItemProxy;
			containerPortal = C2BE424727B5381100A7EECF /* Project object */;
			proxyType = 1;
			remoteGlobalIDString = C2BE424E27B5381100A7EECF;
			remoteInfo = MVVMFramework;
		};
		C2BE427127B5381400A7EECF /* PBXContainerItemProxy */ = {
			isa = PBXContainerItemProxy;
			containerPortal = C2BE424727B5381100A7EECF /* Project object */;
			proxyType = 1;
			remoteGlobalIDString = C2BE424E27B5381100A7EECF;
			remoteInfo = MVVMFramework;
		};
/* End PBXContainerItemProxy section */

/* Begin PBXFileReference section */
		C24FE3B127C0E84D00D708B2 /* WalletApp.xcdatamodel */ = {isa = PBXFileReference; lastKnownFileType = wrapper.xcdatamodel; path = WalletApp.xcdatamodel; sourceTree = "<group>"; };
		C2BE424F27B5381100A7EECF /* Wallet.app */ = {isa = PBXFileReference; explicitFileType = wrapper.application; includeInIndex = 0; path = Wallet.app; sourceTree = BUILT_PRODUCTS_DIR; };
		C2BE425227B5381100A7EECF /* WalletApp.swift */ = {isa = PBXFileReference; lastKnownFileType = sourcecode.swift; path = WalletApp.swift; sourceTree = "<group>"; };
		C2BE425427B5381100A7EECF /* ContentView.swift */ = {isa = PBXFileReference; lastKnownFileType = sourcecode.swift; path = ContentView.swift; sourceTree = "<group>"; };
		C2BE425627B5381400A7EECF /* Assets.xcassets */ = {isa = PBXFileReference; lastKnownFileType = folder.assetcatalog; path = Assets.xcassets; sourceTree = "<group>"; };
		C2BE425927B5381400A7EECF /* Preview Assets.xcassets */ = {isa = PBXFileReference; lastKnownFileType = folder.assetcatalog; path = "Preview Assets.xcassets"; sourceTree = "<group>"; };
		C2BE425B27B5381400A7EECF /* Persistence.swift */ = {isa = PBXFileReference; lastKnownFileType = sourcecode.swift; path = Persistence.swift; sourceTree = "<group>"; };
		C2BE426027B5381400A7EECF /* Info.plist */ = {isa = PBXFileReference; lastKnownFileType = text.plist.xml; path = Info.plist; sourceTree = "<group>"; };
		C2BE426527B5381400A7EECF /* WalletTests.xctest */ = {isa = PBXFileReference; explicitFileType = wrapper.cfbundle; includeInIndex = 0; path = WalletTests.xctest; sourceTree = BUILT_PRODUCTS_DIR; };
		C2BE426927B5381400A7EECF /* MVVMFrameworkTests.swift */ = {isa = PBXFileReference; lastKnownFileType = sourcecode.swift; path = MVVMFrameworkTests.swift; sourceTree = "<group>"; };
		C2BE426B27B5381400A7EECF /* Info.plist */ = {isa = PBXFileReference; lastKnownFileType = text.plist.xml; path = Info.plist; sourceTree = "<group>"; };
		C2BE427027B5381400A7EECF /* WalletUITests.xctest */ = {isa = PBXFileReference; explicitFileType = wrapper.cfbundle; includeInIndex = 0; path = WalletUITests.xctest; sourceTree = BUILT_PRODUCTS_DIR; };
		C2BE427427B5381400A7EECF /* MVVMFrameworkUITests.swift */ = {isa = PBXFileReference; lastKnownFileType = sourcecode.swift; path = MVVMFrameworkUITests.swift; sourceTree = "<group>"; };
		C2BE427627B5381400A7EECF /* Info.plist */ = {isa = PBXFileReference; lastKnownFileType = text.plist.xml; path = Info.plist; sourceTree = "<group>"; };
		C2BE428927B5396500A7EECF /* LaunchScreen.storyboard */ = {isa = PBXFileReference; lastKnownFileType = file.storyboard; path = LaunchScreen.storyboard; sourceTree = "<group>"; };
		C2BE429627B53AF100A7EECF /* AppDelegate.swift */ = {isa = PBXFileReference; lastKnownFileType = sourcecode.swift; path = AppDelegate.swift; sourceTree = "<group>"; };
		C2BE429827B53BE600A7EECF /* UseCaseResult.swift */ = {isa = PBXFileReference; lastKnownFileType = sourcecode.swift; path = UseCaseResult.swift; sourceTree = "<group>"; };
		C2BE429A27B53C2E00A7EECF /* BaseUseCase.swift */ = {isa = PBXFileReference; lastKnownFileType = sourcecode.swift; path = BaseUseCase.swift; sourceTree = "<group>"; };
		C2BE429C27B53D5D00A7EECF /* DemoUseCase.swift */ = {isa = PBXFileReference; lastKnownFileType = sourcecode.swift; path = DemoUseCase.swift; sourceTree = "<group>"; };
		C2BE429E27B5400200A7EECF /* DemoDomain.swift */ = {isa = PBXFileReference; lastKnownFileType = sourcecode.swift; path = DemoDomain.swift; sourceTree = "<group>"; };
		C2DFE51D27C51468009497F6 /* WaveView.swift */ = {isa = PBXFileReference; lastKnownFileType = sourcecode.swift; path = WaveView.swift; sourceTree = "<group>"; };
		C2DFE51F27C517D4009497F6 /* NavigationBar.swift */ = {isa = PBXFileReference; lastKnownFileType = sourcecode.swift; path = NavigationBar.swift; sourceTree = "<group>"; };
		C2DFE52127C5196B009497F6 /* CustomSegmentedControl.swift */ = {isa = PBXFileReference; lastKnownFileType = sourcecode.swift; path = CustomSegmentedControl.swift; sourceTree = "<group>"; };
		C2DFE52327C51A4A009497F6 /* BalanceView.swift */ = {isa = PBXFileReference; lastKnownFileType = sourcecode.swift; path = BalanceView.swift; sourceTree = "<group>"; };
		C2DFE52527C51ADA009497F6 /* CardView.swift */ = {isa = PBXFileReference; lastKnownFileType = sourcecode.swift; path = CardView.swift; sourceTree = "<group>"; };
		C2DFE52727C51BA0009497F6 /* TransactionOptionView.swift */ = {isa = PBXFileReference; lastKnownFileType = sourcecode.swift; path = TransactionOptionView.swift; sourceTree = "<group>"; };
		C2DFE52927C51D0E009497F6 /* Colors.xcassets */ = {isa = PBXFileReference; lastKnownFileType = folder.assetcatalog; path = Colors.xcassets; sourceTree = "<group>"; };
		C2DFE52B27C51DA5009497F6 /* ColorsUI.swift */ = {isa = PBXFileReference; lastKnownFileType = sourcecode.swift; path = ColorsUI.swift; sourceTree = "<group>"; };
		C2DFE52D27C532AC009497F6 /* MockMedia.xcassets */ = {isa = PBXFileReference; lastKnownFileType = folder.assetcatalog; path = MockMedia.xcassets; sourceTree = "<group>"; };
		C2DFE52F27C541C5009497F6 /* OptionsListView.swift */ = {isa = PBXFileReference; lastKnownFileType = sourcecode.swift; path = OptionsListView.swift; sourceTree = "<group>"; };
		C2DFE53127C58FF4009497F6 /* TabBar.swift */ = {isa = PBXFileReference; lastKnownFileType = sourcecode.swift; path = TabBar.swift; sourceTree = "<group>"; };
		C2DFE53327C5969B009497F6 /* BadgeBackground.swift */ = {isa = PBXFileReference; lastKnownFileType = sourcecode.swift; path = BadgeBackground.swift; sourceTree = "<group>"; };
		C2DFE53527C6BEF0009497F6 /* MyCardPageView.swift */ = {isa = PBXFileReference; lastKnownFileType = sourcecode.swift; path = MyCardPageView.swift; sourceTree = "<group>"; };
		C2DFE53727C6C053009497F6 /* MyCoinsPageView.swift */ = {isa = PBXFileReference; lastKnownFileType = sourcecode.swift; path = MyCoinsPageView.swift; sourceTree = "<group>"; };
		C2DFE53927C6C5FC009497F6 /* CoinTodayView.swift */ = {isa = PBXFileReference; lastKnownFileType = sourcecode.swift; path = CoinTodayView.swift; sourceTree = "<group>"; };
		C2DFE53B27C6CA1A009497F6 /* CoinsTodayView.swift */ = {isa = PBXFileReference; lastKnownFileType = sourcecode.swift; path = CoinsTodayView.swift; sourceTree = "<group>"; };
		C2DFE53D27C6CD42009497F6 /* PieView.swift */ = {isa = PBXFileReference; lastKnownFileType = sourcecode.swift; path = PieView.swift; sourceTree = "<group>"; };
		C2FF27FF27C4E12E00AB8280 /* MainView.swift */ = {isa = PBXFileReference; lastKnownFileType = sourcecode.swift; path = MainView.swift; sourceTree = "<group>"; };
/* End PBXFileReference section */

/* Begin PBXFrameworksBuildPhase section */
		C2BE424C27B5381100A7EECF /* Frameworks */ = {
			isa = PBXFrameworksBuildPhase;
			buildActionMask = 2147483647;
			files = (
			);
			runOnlyForDeploymentPostprocessing = 0;
		};
		C2BE426227B5381400A7EECF /* Frameworks */ = {
			isa = PBXFrameworksBuildPhase;
			buildActionMask = 2147483647;
			files = (
			);
			runOnlyForDeploymentPostprocessing = 0;
		};
		C2BE426D27B5381400A7EECF /* Frameworks */ = {
			isa = PBXFrameworksBuildPhase;
			buildActionMask = 2147483647;
			files = (
			);
			runOnlyForDeploymentPostprocessing = 0;
		};
/* End PBXFrameworksBuildPhase section */

/* Begin PBXGroup section */
		C2BE424627B5381100A7EECF = {
			isa = PBXGroup;
			children = (
				C2BE425127B5381100A7EECF /* Wallet */,
				C2BE426827B5381400A7EECF /* WalletTests */,
				C2BE427327B5381400A7EECF /* WalletUITests */,
				C2BE425027B5381100A7EECF /* Products */,
			);
			sourceTree = "<group>";
		};
		C2BE425027B5381100A7EECF /* Products */ = {
			isa = PBXGroup;
			children = (
				C2BE424F27B5381100A7EECF /* Wallet.app */,
				C2BE426527B5381400A7EECF /* WalletTests.xctest */,
				C2BE427027B5381400A7EECF /* WalletUITests.xctest */,
			);
			name = Products;
			sourceTree = "<group>";
		};
		C2BE425127B5381100A7EECF /* Wallet */ = {
			isa = PBXGroup;
			children = (
				C2BE426027B5381400A7EECF /* Info.plist */,
				C2BE425227B5381100A7EECF /* WalletApp.swift */,
				C2BE429627B53AF100A7EECF /* AppDelegate.swift */,
				C2BE425427B5381100A7EECF /* ContentView.swift */,
				C2BE428227B5385C00A7EECF /* Scenes */,
				C2BE428327B5386F00A7EECF /* CoreLogics */,
				C2BE428427B5387D00A7EECF /* Repositories */,
				C2BE428527B5388700A7EECF /* Networking */,
				C2BE428627B5389100A7EECF /* Helpers */,
				C2BE428727B5389700A7EECF /* Resources */,
			);
			path = Wallet;
			sourceTree = "<group>";
		};
		C2BE425827B5381400A7EECF /* Preview Content */ = {
			isa = PBXGroup;
			children = (
				C2BE425927B5381400A7EECF /* Preview Assets.xcassets */,
			);
			path = "Preview Content";
			sourceTree = "<group>";
		};
		C2BE426827B5381400A7EECF /* WalletTests */ = {
			isa = PBXGroup;
			children = (
				C2BE426927B5381400A7EECF /* MVVMFrameworkTests.swift */,
				C2BE426B27B5381400A7EECF /* Info.plist */,
			);
			path = WalletTests;
			sourceTree = "<group>";
		};
		C2BE427327B5381400A7EECF /* WalletUITests */ = {
			isa = PBXGroup;
			children = (
				C2BE427427B5381400A7EECF /* MVVMFrameworkUITests.swift */,
				C2BE427627B5381400A7EECF /* Info.plist */,
			);
			path = WalletUITests;
			sourceTree = "<group>";
		};
		C2BE428227B5385C00A7EECF /* Scenes */ = {
			isa = PBXGroup;
			children = (
				C2BE428D27B539E300A7EECF /* Common */,
				C2BE428827B5394800A7EECF /* Main */,
			);
			path = Scenes;
			sourceTree = "<group>";
		};
		C2BE428327B5386F00A7EECF /* CoreLogics */ = {
			isa = PBXGroup;
			children = (
				C2BE429127B53A1E00A7EECF /* Common */,
				C2BE429027B53A1300A7EECF /* Models */,
				C2BE428F27B53A0700A7EECF /* UseCases */,
			);
			path = CoreLogics;
			sourceTree = "<group>";
		};
		C2BE428427B5387D00A7EECF /* Repositories */ = {
			isa = PBXGroup;
			children = (
				C2BE429227B53A5700A7EECF /* Common */,
				C2BE429427B53A6800A7EECF /* CoreData */,
				C2BE429327B53A5E00A7EECF /* Services */,
			);
			path = Repositories;
			sourceTree = "<group>";
		};
		C2BE428527B5388700A7EECF /* Networking */ = {
			isa = PBXGroup;
			children = (
			);
			path = Networking;
			sourceTree = "<group>";
		};
		C2BE428627B5389100A7EECF /* Helpers */ = {
			isa = PBXGroup;
			children = (
			);
			path = Helpers;
			sourceTree = "<group>";
		};
		C2BE428727B5389700A7EECF /* Resources */ = {
			isa = PBXGroup;
			children = (
				C2BE425827B5381400A7EECF /* Preview Content */,
				C2BE428927B5396500A7EECF /* LaunchScreen.storyboard */,
				C2BE425627B5381400A7EECF /* Assets.xcassets */,
				C2DFE52927C51D0E009497F6 /* Colors.xcassets */,
				C2DFE52B27C51DA5009497F6 /* ColorsUI.swift */,
				C2DFE52D27C532AC009497F6 /* MockMedia.xcassets */,
			);
			path = Resources;
			sourceTree = "<group>";
		};
		C2BE428827B5394800A7EECF /* Main */ = {
			isa = PBXGroup;
			children = (
				C2FF27FF27C4E12E00AB8280 /* MainView.swift */,
				C2DFE52327C51A4A009497F6 /* BalanceView.swift */,
				C2DFE52527C51ADA009497F6 /* CardView.swift */,
				C2DFE52F27C541C5009497F6 /* OptionsListView.swift */,
				C2DFE53527C6BEF0009497F6 /* MyCardPageView.swift */,
				C2DFE53727C6C053009497F6 /* MyCoinsPageView.swift */,
				C2DFE53927C6C5FC009497F6 /* CoinTodayView.swift */,
				C2DFE53B27C6CA1A009497F6 /* CoinsTodayView.swift */,
				C2DFE53D27C6CD42009497F6 /* PieView.swift */,
			);
			path = Main;
			sourceTree = "<group>";
		};
		C2BE428D27B539E300A7EECF /* Common */ = {
			isa = PBXGroup;
			children = (
				C2DFE52127C5196B009497F6 /* CustomSegmentedControl.swift */,
				C2DFE51D27C51468009497F6 /* WaveView.swift */,
				C2DFE51F27C517D4009497F6 /* NavigationBar.swift */,
				C2DFE52727C51BA0009497F6 /* TransactionOptionView.swift */,
				C2DFE53127C58FF4009497F6 /* TabBar.swift */,
				C2DFE53327C5969B009497F6 /* BadgeBackground.swift */,
			);
			path = Common;
			sourceTree = "<group>";
		};
		C2BE428F27B53A0700A7EECF /* UseCases */ = {
			isa = PBXGroup;
			children = (
				C2BE429E27B5400200A7EECF /* DemoDomain.swift */,
				C2BE429C27B53D5D00A7EECF /* DemoUseCase.swift */,
			);
			path = UseCases;
			sourceTree = "<group>";
		};
		C2BE429027B53A1300A7EECF /* Models */ = {
			isa = PBXGroup;
			children = (
			);
			path = Models;
			sourceTree = "<group>";
		};
		C2BE429127B53A1E00A7EECF /* Common */ = {
			isa = PBXGroup;
			children = (
				C2BE429827B53BE600A7EECF /* UseCaseResult.swift */,
				C2BE429A27B53C2E00A7EECF /* BaseUseCase.swift */,
			);
			path = Common;
			sourceTree = "<group>";
		};
		C2BE429227B53A5700A7EECF /* Common */ = {
			isa = PBXGroup;
			children = (
			);
			path = Common;
			sourceTree = "<group>";
		};
		C2BE429327B53A5E00A7EECF /* Services */ = {
			isa = PBXGroup;
			children = (
			);
			path = Services;
			sourceTree = "<group>";
		};
		C2BE429427B53A6800A7EECF /* CoreData */ = {
			isa = PBXGroup;
			children = (
				C2BE425B27B5381400A7EECF /* Persistence.swift */,
				C24FE3B027C0E84D00D708B2 /* WalletApp.xcdatamodeld */,
			);
			path = CoreData;
			sourceTree = "<group>";
		};
/* End PBXGroup section */

/* Begin PBXNativeTarget section */
		C2BE424E27B5381100A7EECF /* Wallet */ = {
			isa = PBXNativeTarget;
			buildConfigurationList = C2BE427927B5381400A7EECF /* Build configuration list for PBXNativeTarget "Wallet" */;
			buildPhases = (
				C2BE424B27B5381100A7EECF /* Sources */,
				C2BE424C27B5381100A7EECF /* Frameworks */,
				C2BE424D27B5381100A7EECF /* Resources */,
			);
			buildRules = (
			);
			dependencies = (
			);
			name = Wallet;
			productName = MVVMFramework;
			productReference = C2BE424F27B5381100A7EECF /* Wallet.app */;
			productType = "com.apple.product-type.application";
		};
		C2BE426427B5381400A7EECF /* WalletTests */ = {
			isa = PBXNativeTarget;
			buildConfigurationList = C2BE427C27B5381400A7EECF /* Build configuration list for PBXNativeTarget "WalletTests" */;
			buildPhases = (
				C2BE426127B5381400A7EECF /* Sources */,
				C2BE426227B5381400A7EECF /* Frameworks */,
				C2BE426327B5381400A7EECF /* Resources */,
			);
			buildRules = (
			);
			dependencies = (
				C2BE426727B5381400A7EECF /* PBXTargetDependency */,
			);
			name = WalletTests;
			productName = MVVMFrameworkTests;
			productReference = C2BE426527B5381400A7EECF /* WalletTests.xctest */;
			productType = "com.apple.product-type.bundle.unit-test";
		};
		C2BE426F27B5381400A7EECF /* WalletUITests */ = {
			isa = PBXNativeTarget;
			buildConfigurationList = C2BE427F27B5381400A7EECF /* Build configuration list for PBXNativeTarget "WalletUITests" */;
			buildPhases = (
				C2BE426C27B5381400A7EECF /* Sources */,
				C2BE426D27B5381400A7EECF /* Frameworks */,
				C2BE426E27B5381400A7EECF /* Resources */,
			);
			buildRules = (
			);
			dependencies = (
				C2BE427227B5381400A7EECF /* PBXTargetDependency */,
			);
			name = WalletUITests;
			productName = MVVMFrameworkUITests;
			productReference = C2BE427027B5381400A7EECF /* WalletUITests.xctest */;
			productType = "com.apple.product-type.bundle.ui-testing";
		};
/* End PBXNativeTarget section */

/* Begin PBXProject section */
		C2BE424727B5381100A7EECF /* Project object */ = {
			isa = PBXProject;
			attributes = {
				LastSwiftUpdateCheck = 1250;
				LastUpgradeCheck = 1250;
				TargetAttributes = {
					C2BE424E27B5381100A7EECF = {
						CreatedOnToolsVersion = 12.5.1;
					};
					C2BE426427B5381400A7EECF = {
						CreatedOnToolsVersion = 12.5.1;
						TestTargetID = C2BE424E27B5381100A7EECF;
					};
					C2BE426F27B5381400A7EECF = {
						CreatedOnToolsVersion = 12.5.1;
						TestTargetID = C2BE424E27B5381100A7EECF;
					};
				};
			};
			buildConfigurationList = C2BE424A27B5381100A7EECF /* Build configuration list for PBXProject "Wallet" */;
			compatibilityVersion = "Xcode 9.3";
			developmentRegion = en;
			hasScannedForEncodings = 0;
			knownRegions = (
				en,
				Base,
			);
			mainGroup = C2BE424627B5381100A7EECF;
			productRefGroup = C2BE425027B5381100A7EECF /* Products */;
			projectDirPath = "";
			projectRoot = "";
			targets = (
				C2BE424E27B5381100A7EECF /* Wallet */,
				C2BE426427B5381400A7EECF /* WalletTests */,
				C2BE426F27B5381400A7EECF /* WalletUITests */,
			);
		};
/* End PBXProject section */

/* Begin PBXResourcesBuildPhase section */
		C2BE424D27B5381100A7EECF /* Resources */ = {
			isa = PBXResourcesBuildPhase;
			buildActionMask = 2147483647;
			files = (
				C2DFE52E27C532AC009497F6 /* MockMedia.xcassets in Resources */,
				C2BE428A27B5396500A7EECF /* LaunchScreen.storyboard in Resources */,
				C2DFE52A27C51D0E009497F6 /* Colors.xcassets in Resources */,
				C2BE425A27B5381400A7EECF /* Preview Assets.xcassets in Resources */,
				C2BE425727B5381400A7EECF /* Assets.xcassets in Resources */,
			);
			runOnlyForDeploymentPostprocessing = 0;
		};
		C2BE426327B5381400A7EECF /* Resources */ = {
			isa = PBXResourcesBuildPhase;
			buildActionMask = 2147483647;
			files = (
			);
			runOnlyForDeploymentPostprocessing = 0;
		};
		C2BE426E27B5381400A7EECF /* Resources */ = {
			isa = PBXResourcesBuildPhase;
			buildActionMask = 2147483647;
			files = (
			);
			runOnlyForDeploymentPostprocessing = 0;
		};
/* End PBXResourcesBuildPhase section */

/* Begin PBXSourcesBuildPhase section */
		C2BE424B27B5381100A7EECF /* Sources */ = {
			isa = PBXSourcesBuildPhase;
			buildActionMask = 2147483647;
			files = (
				C2DFE51E27C51468009497F6 /* WaveView.swift in Sources */,
				C2DFE52827C51BA0009497F6 /* TransactionOptionView.swift in Sources */,
				C2DFE53227C58FF4009497F6 /* TabBar.swift in Sources */,
				C2DFE53427C5969B009497F6 /* BadgeBackground.swift in Sources */,
				C2DFE53E27C6CD42009497F6 /* PieView.swift in Sources */,
				C2BE429B27B53C2E00A7EECF /* BaseUseCase.swift in Sources */,
				C2FF280027C4E12E00AB8280 /* MainView.swift in Sources */,
				C2BE429727B53AF100A7EECF /* AppDelegate.swift in Sources */,
				C2DFE52C27C51DA5009497F6 /* ColorsUI.swift in Sources */,
				C2DFE52627C51ADA009497F6 /* CardView.swift in Sources */,
				C2BE429D27B53D5D00A7EECF /* DemoUseCase.swift in Sources */,
				C2DFE53827C6C053009497F6 /* MyCoinsPageView.swift in Sources */,
				C2BE425C27B5381400A7EECF /* Persistence.swift in Sources */,
				C24FE3B227C0E84D00D708B2 /* WalletApp.xcdatamodeld in Sources */,
				C2BE425527B5381100A7EECF /* ContentView.swift in Sources */,
				C2BE425327B5381100A7EECF /* WalletApp.swift in Sources */,
				C2DFE53C27C6CA1A009497F6 /* CoinsTodayView.swift in Sources */,
				C2DFE52227C5196B009497F6 /* CustomSegmentedControl.swift in Sources */,
				C2BE429F27B5400200A7EECF /* DemoDomain.swift in Sources */,
				C2BE429927B53BE600A7EECF /* UseCaseResult.swift in Sources */,
				C2DFE52027C517D4009497F6 /* NavigationBar.swift in Sources */,
				C2DFE53A27C6C5FC009497F6 /* CoinTodayView.swift in Sources */,
				C2DFE52427C51A4A009497F6 /* BalanceView.swift in Sources */,
				C2DFE53627C6BEF1009497F6 /* MyCardPageView.swift in Sources */,
				C2DFE53027C541C5009497F6 /* OptionsListView.swift in Sources */,
			);
			runOnlyForDeploymentPostprocessing = 0;
		};
		C2BE426127B5381400A7EECF /* Sources */ = {
			isa = PBXSourcesBuildPhase;
			buildActionMask = 2147483647;
			files = (
				C2BE426A27B5381400A7EECF /* MVVMFrameworkTests.swift in Sources */,
			);
			runOnlyForDeploymentPostprocessing = 0;
		};
		C2BE426C27B5381400A7EECF /* Sources */ = {
			isa = PBXSourcesBuildPhase;
			buildActionMask = 2147483647;
			files = (
				C2BE427527B5381400A7EECF /* MVVMFrameworkUITests.swift in Sources */,
			);
			runOnlyForDeploymentPostprocessing = 0;
		};
/* End PBXSourcesBuildPhase section */

/* Begin PBXTargetDependency section */
		C2BE426727B5381400A7EECF /* PBXTargetDependency */ = {
			isa = PBXTargetDependency;
			target = C2BE424E27B5381100A7EECF /* Wallet */;
			targetProxy = C2BE426627B5381400A7EECF /* PBXContainerItemProxy */;
		};
		C2BE427227B5381400A7EECF /* PBXTargetDependency */ = {
			isa = PBXTargetDependency;
			target = C2BE424E27B5381100A7EECF /* Wallet */;
			targetProxy = C2BE427127B5381400A7EECF /* PBXContainerItemProxy */;
		};
/* End PBXTargetDependency section */

/* Begin XCBuildConfiguration section */
		C2BE427727B5381400A7EECF /* Debug */ = {
			isa = XCBuildConfiguration;
			buildSettings = {
				ALWAYS_SEARCH_USER_PATHS = NO;
				CLANG_ANALYZER_NONNULL = YES;
				CLANG_ANALYZER_NUMBER_OBJECT_CONVERSION = YES_AGGRESSIVE;
				CLANG_CXX_LANGUAGE_STANDARD = "gnu++14";
				CLANG_CXX_LIBRARY = "libc++";
				CLANG_ENABLE_MODULES = YES;
				CLANG_ENABLE_OBJC_ARC = YES;
				CLANG_ENABLE_OBJC_WEAK = YES;
				CLANG_WARN_BLOCK_CAPTURE_AUTORELEASING = YES;
				CLANG_WARN_BOOL_CONVERSION = YES;
				CLANG_WARN_COMMA = YES;
				CLANG_WARN_CONSTANT_CONVERSION = YES;
				CLANG_WARN_DEPRECATED_OBJC_IMPLEMENTATIONS = YES;
				CLANG_WARN_DIRECT_OBJC_ISA_USAGE = YES_ERROR;
				CLANG_WARN_DOCUMENTATION_COMMENTS = YES;
				CLANG_WARN_EMPTY_BODY = YES;
				CLANG_WARN_ENUM_CONVERSION = YES;
				CLANG_WARN_INFINITE_RECURSION = YES;
				CLANG_WARN_INT_CONVERSION = YES;
				CLANG_WARN_NON_LITERAL_NULL_CONVERSION = YES;
				CLANG_WARN_OBJC_IMPLICIT_RETAIN_SELF = YES;
				CLANG_WARN_OBJC_LITERAL_CONVERSION = YES;
				CLANG_WARN_OBJC_ROOT_CLASS = YES_ERROR;
				CLANG_WARN_QUOTED_INCLUDE_IN_FRAMEWORK_HEADER = YES;
				CLANG_WARN_RANGE_LOOP_ANALYSIS = YES;
				CLANG_WARN_STRICT_PROTOTYPES = YES;
				CLANG_WARN_SUSPICIOUS_MOVE = YES;
				CLANG_WARN_UNGUARDED_AVAILABILITY = YES_AGGRESSIVE;
				CLANG_WARN_UNREACHABLE_CODE = YES;
				CLANG_WARN__DUPLICATE_METHOD_MATCH = YES;
				COPY_PHASE_STRIP = NO;
				DEBUG_INFORMATION_FORMAT = dwarf;
				ENABLE_STRICT_OBJC_MSGSEND = YES;
				ENABLE_TESTABILITY = YES;
				GCC_C_LANGUAGE_STANDARD = gnu11;
				GCC_DYNAMIC_NO_PIC = NO;
				GCC_NO_COMMON_BLOCKS = YES;
				GCC_OPTIMIZATION_LEVEL = 0;
				GCC_PREPROCESSOR_DEFINITIONS = (
					"DEBUG=1",
					"$(inherited)",
				);
				GCC_WARN_64_TO_32_BIT_CONVERSION = YES;
				GCC_WARN_ABOUT_RETURN_TYPE = YES_ERROR;
				GCC_WARN_UNDECLARED_SELECTOR = YES;
				GCC_WARN_UNINITIALIZED_AUTOS = YES_AGGRESSIVE;
				GCC_WARN_UNUSED_FUNCTION = YES;
				GCC_WARN_UNUSED_VARIABLE = YES;
				IPHONEOS_DEPLOYMENT_TARGET = 15.0;
				MTL_ENABLE_DEBUG_INFO = INCLUDE_SOURCE;
				MTL_FAST_MATH = YES;
				ONLY_ACTIVE_ARCH = YES;
				SDKROOT = iphoneos;
				SWIFT_ACTIVE_COMPILATION_CONDITIONS = DEBUG;
				SWIFT_OPTIMIZATION_LEVEL = "-Onone";
			};
			name = Debug;
		};
		C2BE427827B5381400A7EECF /* Release */ = {
			isa = XCBuildConfiguration;
			buildSettings = {
				ALWAYS_SEARCH_USER_PATHS = NO;
				CLANG_ANALYZER_NONNULL = YES;
				CLANG_ANALYZER_NUMBER_OBJECT_CONVERSION = YES_AGGRESSIVE;
				CLANG_CXX_LANGUAGE_STANDARD = "gnu++14";
				CLANG_CXX_LIBRARY = "libc++";
				CLANG_ENABLE_MODULES = YES;
				CLANG_ENABLE_OBJC_ARC = YES;
				CLANG_ENABLE_OBJC_WEAK = YES;
				CLANG_WARN_BLOCK_CAPTURE_AUTORELEASING = YES;
				CLANG_WARN_BOOL_CONVERSION = YES;
				CLANG_WARN_COMMA = YES;
				CLANG_WARN_CONSTANT_CONVERSION = YES;
				CLANG_WARN_DEPRECATED_OBJC_IMPLEMENTATIONS = YES;
				CLANG_WARN_DIRECT_OBJC_ISA_USAGE = YES_ERROR;
				CLANG_WARN_DOCUMENTATION_COMMENTS = YES;
				CLANG_WARN_EMPTY_BODY = YES;
				CLANG_WARN_ENUM_CONVERSION = YES;
				CLANG_WARN_INFINITE_RECURSION = YES;
				CLANG_WARN_INT_CONVERSION = YES;
				CLANG_WARN_NON_LITERAL_NULL_CONVERSION = YES;
				CLANG_WARN_OBJC_IMPLICIT_RETAIN_SELF = YES;
				CLANG_WARN_OBJC_LITERAL_CONVERSION = YES;
				CLANG_WARN_OBJC_ROOT_CLASS = YES_ERROR;
				CLANG_WARN_QUOTED_INCLUDE_IN_FRAMEWORK_HEADER = YES;
				CLANG_WARN_RANGE_LOOP_ANALYSIS = YES;
				CLANG_WARN_STRICT_PROTOTYPES = YES;
				CLANG_WARN_SUSPICIOUS_MOVE = YES;
				CLANG_WARN_UNGUARDED_AVAILABILITY = YES_AGGRESSIVE;
				CLANG_WARN_UNREACHABLE_CODE = YES;
				CLANG_WARN__DUPLICATE_METHOD_MATCH = YES;
				COPY_PHASE_STRIP = NO;
				DEBUG_INFORMATION_FORMAT = "dwarf-with-dsym";
				ENABLE_NS_ASSERTIONS = NO;
				ENABLE_STRICT_OBJC_MSGSEND = YES;
				GCC_C_LANGUAGE_STANDARD = gnu11;
				GCC_NO_COMMON_BLOCKS = YES;
				GCC_WARN_64_TO_32_BIT_CONVERSION = YES;
				GCC_WARN_ABOUT_RETURN_TYPE = YES_ERROR;
				GCC_WARN_UNDECLARED_SELECTOR = YES;
				GCC_WARN_UNINITIALIZED_AUTOS = YES_AGGRESSIVE;
				GCC_WARN_UNUSED_FUNCTION = YES;
				GCC_WARN_UNUSED_VARIABLE = YES;
				IPHONEOS_DEPLOYMENT_TARGET = 15.0;
				MTL_ENABLE_DEBUG_INFO = NO;
				MTL_FAST_MATH = YES;
				SDKROOT = iphoneos;
				SWIFT_COMPILATION_MODE = wholemodule;
				SWIFT_OPTIMIZATION_LEVEL = "-O";
				VALIDATE_PRODUCT = YES;
			};
			name = Release;
		};
		C2BE427A27B5381400A7EECF /* Debug */ = {
			isa = XCBuildConfiguration;
			buildSettings = {
				ASSETCATALOG_COMPILER_APPICON_NAME = AppIcon;
				ASSETCATALOG_COMPILER_GLOBAL_ACCENT_COLOR_NAME = AccentColor;
				CODE_SIGN_STYLE = Automatic;
				DEVELOPMENT_ASSET_PATHS = "\"Wallet/Resources/Preview Content\"";
				DEVELOPMENT_TEAM = HZ9N5XJ3LK;
				ENABLE_PREVIEWS = YES;
				INFOPLIST_FILE = Wallet/Info.plist;
				IPHONEOS_DEPLOYMENT_TARGET = 15.0;
				LD_RUNPATH_SEARCH_PATHS = (
					"$(inherited)",
					"@executable_path/Frameworks",
				);
				PRODUCT_BUNDLE_IDENTIFIER = com.antrax.Wallet;
				PRODUCT_NAME = "$(TARGET_NAME)";
				SWIFT_VERSION = 5.0;
				TARGETED_DEVICE_FAMILY = 1;
			};
			name = Debug;
		};
		C2BE427B27B5381400A7EECF /* Release */ = {
			isa = XCBuildConfiguration;
			buildSettings = {
				ASSETCATALOG_COMPILER_APPICON_NAME = AppIcon;
				ASSETCATALOG_COMPILER_GLOBAL_ACCENT_COLOR_NAME = AccentColor;
				CODE_SIGN_STYLE = Automatic;
				DEVELOPMENT_ASSET_PATHS = "\"Wallet/Resources/Preview Content\"";
				DEVELOPMENT_TEAM = HZ9N5XJ3LK;
				ENABLE_PREVIEWS = YES;
				INFOPLIST_FILE = Wallet/Info.plist;
				IPHONEOS_DEPLOYMENT_TARGET = 15.0;
				LD_RUNPATH_SEARCH_PATHS = (
					"$(inherited)",
					"@executable_path/Frameworks",
				);
				PRODUCT_BUNDLE_IDENTIFIER = com.antrax.Wallet;
				PRODUCT_NAME = "$(TARGET_NAME)";
				SWIFT_VERSION = 5.0;
				TARGETED_DEVICE_FAMILY = 1;
			};
			name = Release;
		};
		C2BE427D27B5381400A7EECF /* Debug */ = {
			isa = XCBuildConfiguration;
			buildSettings = {
				ALWAYS_EMBED_SWIFT_STANDARD_LIBRARIES = YES;
				BUNDLE_LOADER = "$(TEST_HOST)";
				CODE_SIGN_STYLE = Automatic;
				DEVELOPMENT_TEAM = HZ9N5XJ3LK;
				INFOPLIST_FILE = WalletTests/Info.plist;
				IPHONEOS_DEPLOYMENT_TARGET = 14.0;
				LD_RUNPATH_SEARCH_PATHS = (
					"$(inherited)",
					"@executable_path/Frameworks",
					"@loader_path/Frameworks",
				);
				PRODUCT_BUNDLE_IDENTIFIER = com.antrax.WalletTests;
				PRODUCT_NAME = "$(TARGET_NAME)";
				SWIFT_VERSION = 5.0;
				TARGETED_DEVICE_FAMILY = "1,2";
				TEST_HOST = "$(BUILT_PRODUCTS_DIR)/Wallet.app/Wallet";
			};
			name = Debug;
		};
		C2BE427E27B5381400A7EECF /* Release */ = {
			isa = XCBuildConfiguration;
			buildSettings = {
				ALWAYS_EMBED_SWIFT_STANDARD_LIBRARIES = YES;
				BUNDLE_LOADER = "$(TEST_HOST)";
				CODE_SIGN_STYLE = Automatic;
				DEVELOPMENT_TEAM = HZ9N5XJ3LK;
				INFOPLIST_FILE = WalletTests/Info.plist;
				IPHONEOS_DEPLOYMENT_TARGET = 14.0;
				LD_RUNPATH_SEARCH_PATHS = (
					"$(inherited)",
					"@executable_path/Frameworks",
					"@loader_path/Frameworks",
				);
				PRODUCT_BUNDLE_IDENTIFIER = com.antrax.WalletTests;
				PRODUCT_NAME = "$(TARGET_NAME)";
				SWIFT_VERSION = 5.0;
				TARGETED_DEVICE_FAMILY = "1,2";
				TEST_HOST = "$(BUILT_PRODUCTS_DIR)/Wallet.app/Wallet";
			};
			name = Release;
		};
		C2BE428027B5381400A7EECF /* Debug */ = {
			isa = XCBuildConfiguration;
			buildSettings = {
				ALWAYS_EMBED_SWIFT_STANDARD_LIBRARIES = YES;
				CODE_SIGN_STYLE = Automatic;
				DEVELOPMENT_TEAM = HZ9N5XJ3LK;
				INFOPLIST_FILE = WalletUITests/Info.plist;
				LD_RUNPATH_SEARCH_PATHS = (
					"$(inherited)",
					"@executable_path/Frameworks",
					"@loader_path/Frameworks",
				);
				PRODUCT_BUNDLE_IDENTIFIER = com.antrax.WalletUITests;
				PRODUCT_NAME = "$(TARGET_NAME)";
				SWIFT_VERSION = 5.0;
				TARGETED_DEVICE_FAMILY = "1,2";
				TEST_TARGET_NAME = Wallet;
			};
			name = Debug;
		};
		C2BE428127B5381400A7EECF /* Release */ = {
			isa = XCBuildConfiguration;
			buildSettings = {
				ALWAYS_EMBED_SWIFT_STANDARD_LIBRARIES = YES;
				CODE_SIGN_STYLE = Automatic;
				DEVELOPMENT_TEAM = HZ9N5XJ3LK;
				INFOPLIST_FILE = WalletUITests/Info.plist;
				LD_RUNPATH_SEARCH_PATHS = (
					"$(inherited)",
					"@executable_path/Frameworks",
					"@loader_path/Frameworks",
				);
				PRODUCT_BUNDLE_IDENTIFIER = com.antrax.WalletUITests;
				PRODUCT_NAME = "$(TARGET_NAME)";
				SWIFT_VERSION = 5.0;
				TARGETED_DEVICE_FAMILY = "1,2";
				TEST_TARGET_NAME = Wallet;
			};
			name = Release;
		};
/* End XCBuildConfiguration section */

/* Begin XCConfigurationList section */
		C2BE424A27B5381100A7EECF /* Build configuration list for PBXProject "Wallet" */ = {
			isa = XCConfigurationList;
			buildConfigurations = (
				C2BE427727B5381400A7EECF /* Debug */,
				C2BE427827B5381400A7EECF /* Release */,
			);
			defaultConfigurationIsVisible = 0;
			defaultConfigurationName = Release;
		};
		C2BE427927B5381400A7EECF /* Build configuration list for PBXNativeTarget "Wallet" */ = {
			isa = XCConfigurationList;
			buildConfigurations = (
				C2BE427A27B5381400A7EECF /* Debug */,
				C2BE427B27B5381400A7EECF /* Release */,
			);
			defaultConfigurationIsVisible = 0;
			defaultConfigurationName = Release;
		};
		C2BE427C27B5381400A7EECF /* Build configuration list for PBXNativeTarget "WalletTests" */ = {
			isa = XCConfigurationList;
			buildConfigurations = (
				C2BE427D27B5381400A7EECF /* Debug */,
				C2BE427E27B5381400A7EECF /* Release */,
			);
			defaultConfigurationIsVisible = 0;
			defaultConfigurationName = Release;
		};
		C2BE427F27B5381400A7EECF /* Build configuration list for PBXNativeTarget "WalletUITests" */ = {
			isa = XCConfigurationList;
			buildConfigurations = (
				C2BE428027B5381400A7EECF /* Debug */,
				C2BE428127B5381400A7EECF /* Release */,
			);
			defaultConfigurationIsVisible = 0;
			defaultConfigurationName = Release;
		};
/* End XCConfigurationList section */

/* Begin XCVersionGroup section */
		C24FE3B027C0E84D00D708B2 /* WalletApp.xcdatamodeld */ = {
			isa = XCVersionGroup;
			children = (
				C24FE3B127C0E84D00D708B2 /* WalletApp.xcdatamodel */,
			);
			currentVersion = C24FE3B127C0E84D00D708B2 /* WalletApp.xcdatamodel */;
			path = WalletApp.xcdatamodeld;
			sourceTree = "<group>";
			versionGroupType = wrapper.xcdatamodel;
		};
/* End XCVersionGroup section */
	};
	rootObject = C2BE424727B5381100A7EECF /* Project object */;
}
